// !$*UTF8*$!
{
	archiveVersion = 1;
	classes = {
	};
	objectVersion = 48;
	objects = {

/* Begin PBXBuildFile section */
		30AA94D64AF0EA212DEA8B6E /* Pods_AcuaUITests.framework in Frameworks */ = {isa = PBXBuildFile; fileRef = 25550F187F0A791918546A0B /* Pods_AcuaUITests.framework */; };
		88BB6A786B586F9106B552F4 /* Pods_Acua_OneSignalNotificationServiceExtension.framework in Frameworks */ = {isa = PBXBuildFile; fileRef = C90DC1D87EE7B2EF2211E6CF /* Pods_Acua_OneSignalNotificationServiceExtension.framework */; };
		9800A82520AD6BD800962AE8 /* User.swift in Sources */ = {isa = PBXBuildFile; fileRef = 9800A82420AD6BD800962AE8 /* User.swift */; };
		9800A82720AD73D200962AE8 /* Order.swift in Sources */ = {isa = PBXBuildFile; fileRef = 9800A82620AD73D200962AE8 /* Order.swift */; };
		9800A82920AD747900962AE8 /* Location.swift in Sources */ = {isa = PBXBuildFile; fileRef = 9800A82820AD747900962AE8 /* Location.swift */; };
		980F08F320AB2377008B4135 /* Device.swift in Sources */ = {isa = PBXBuildFile; fileRef = 980F08F220AB2377008B4135 /* Device.swift */; };
		98155BD3209D630600F53CB7 /* TOActionSheet.m in Sources */ = {isa = PBXBuildFile; fileRef = 98155BD2209D630600F53CB7 /* TOActionSheet.m */; };
		98155BDD209D654B00F53CB7 /* AppManager.swift in Sources */ = {isa = PBXBuildFile; fileRef = 98155BDC209D654B00F53CB7 /* AppManager.swift */; };
		981945EB20BA988C00C0411C /* ImageLoader.swift in Sources */ = {isa = PBXBuildFile; fileRef = 981945EA20BA988C00C0411C /* ImageLoader.swift */; };
		981EB72C209AF0B100626B6A /* AppDelegate.swift in Sources */ = {isa = PBXBuildFile; fileRef = 981EB72B209AF0B100626B6A /* AppDelegate.swift */; };
		981EB72E209AF0B100626B6A /* MainVC.swift in Sources */ = {isa = PBXBuildFile; fileRef = 981EB72D209AF0B100626B6A /* MainVC.swift */; };
		981EB731209AF0B100626B6A /* Main.storyboard in Resources */ = {isa = PBXBuildFile; fileRef = 981EB72F209AF0B100626B6A /* Main.storyboard */; };
		981EB733209AF0B100626B6A /* Assets.xcassets in Resources */ = {isa = PBXBuildFile; fileRef = 981EB732209AF0B100626B6A /* Assets.xcassets */; };
		981EB736209AF0B100626B6A /* LaunchScreen.storyboard in Resources */ = {isa = PBXBuildFile; fileRef = 981EB734209AF0B100626B6A /* LaunchScreen.storyboard */; };
		981EB741209AF0B200626B6A /* AcuaTests.swift in Sources */ = {isa = PBXBuildFile; fileRef = 981EB740209AF0B200626B6A /* AcuaTests.swift */; };
		981EB74C209AF0B200626B6A /* AcuaUITests.swift in Sources */ = {isa = PBXBuildFile; fileRef = 981EB74B209AF0B200626B6A /* AcuaUITests.swift */; };
		981EB75A209AF84100626B6A /* GoogleService-Info.plist in Resources */ = {isa = PBXBuildFile; fileRef = 981EB759209AF84000626B6A /* GoogleService-Info.plist */; };
		98232D2620B4131E00101E02 /* DefaultNotificationCenter.swift in Sources */ = {isa = PBXBuildFile; fileRef = 98232D2520B4131D00101E02 /* DefaultNotificationCenter.swift */; };
		98232D3220B449B300101E02 /* SideMenuVC.swift in Sources */ = {isa = PBXBuildFile; fileRef = 98232D3120B449B300101E02 /* SideMenuVC.swift */; };
		98232D3420B45B1D00101E02 /* SideProfileVC.swift in Sources */ = {isa = PBXBuildFile; fileRef = 98232D3320B45B1D00101E02 /* SideProfileVC.swift */; };
		98232D3620B45B5300101E02 /* SideNotificationsVC.swift in Sources */ = {isa = PBXBuildFile; fileRef = 98232D3520B45B5300101E02 /* SideNotificationsVC.swift */; };
		98232D3820B45B6700101E02 /* SidePaymentVC.swift in Sources */ = {isa = PBXBuildFile; fileRef = 98232D3720B45B6700101E02 /* SidePaymentVC.swift */; };
		98232D3A20B45B7C00101E02 /* SideFeedback.swift in Sources */ = {isa = PBXBuildFile; fileRef = 98232D3920B45B7C00101E02 /* SideFeedback.swift */; };
		98232D3C20B45B9700101E02 /* SideWhereVC.swift in Sources */ = {isa = PBXBuildFile; fileRef = 98232D3B20B45B9700101E02 /* SideWhereVC.swift */; };
		98232D3E20B45BBC00101E02 /* SideAgreementsVC.swift in Sources */ = {isa = PBXBuildFile; fileRef = 98232D3D20B45BBC00101E02 /* SideAgreementsVC.swift */; };
		98232D4620B46E6E00101E02 /* NotificationService.swift in Sources */ = {isa = PBXBuildFile; fileRef = 98232D4520B46E6E00101E02 /* NotificationService.swift */; };
		98232D4A20B46E6E00101E02 /* OneSignalNotificationServiceExtension.appex in Embed App Extensions */ = {isa = PBXBuildFile; fileRef = 98232D4320B46E6E00101E02 /* OneSignalNotificationServiceExtension.appex */; settings = {ATTRIBUTES = (RemoveHeadersOnCopy, ); }; };
		98700B4F20A9EB780085D1B1 /* Car.swift in Sources */ = {isa = PBXBuildFile; fileRef = 98700B4E20A9EB780085D1B1 /* Car.swift */; };
		98700B5120A9EB960085D1B1 /* Wash.swift in Sources */ = {isa = PBXBuildFile; fileRef = 98700B5020A9EB960085D1B1 /* Wash.swift */; };
		98700B5320A9EBBD0085D1B1 /* Menu.swift in Sources */ = {isa = PBXBuildFile; fileRef = 98700B5220A9EBBD0085D1B1 /* Menu.swift */; };
		98D97A0920AAD85500556842 /* Util.swift in Sources */ = {isa = PBXBuildFile; fileRef = 98D97A0820AAD85500556842 /* Util.swift */; };
		98EBC55D20B2B7D300F00472 /* BottomAlert.swift in Sources */ = {isa = PBXBuildFile; fileRef = 98EBC55C20B2B7D300F00472 /* BottomAlert.swift */; };
		98EBC55F20B2B7F300F00472 /* BottomAlert.xib in Resources */ = {isa = PBXBuildFile; fileRef = 98EBC55E20B2B7F300F00472 /* BottomAlert.xib */; };
		98ED67D320B1724300A24CC4 /* acua_agreements.html in Resources */ = {isa = PBXBuildFile; fileRef = 98ED67D220B1724200A24CC4 /* acua_agreements.html */; };
		98ED67D520B1A56400A24CC4 /* AppConst.swift in Sources */ = {isa = PBXBuildFile; fileRef = 98ED67D420B1A56400A24CC4 /* AppConst.swift */; };
		98ED67F020B1D49500A24CC4 /* Duration.swift in Sources */ = {isa = PBXBuildFile; fileRef = 98ED67E820B1D49500A24CC4 /* Duration.swift */; };
		98ED67F120B1D49500A24CC4 /* Int+Timepiece.swift in Sources */ = {isa = PBXBuildFile; fileRef = 98ED67E920B1D49500A24CC4 /* Int+Timepiece.swift */; };
		98ED67F220B1D49500A24CC4 /* NSCalendar+Timepiece.swift in Sources */ = {isa = PBXBuildFile; fileRef = 98ED67EA20B1D49500A24CC4 /* NSCalendar+Timepiece.swift */; };
		98ED67F320B1D49500A24CC4 /* NSDate+Timepiece.swift in Sources */ = {isa = PBXBuildFile; fileRef = 98ED67EB20B1D49500A24CC4 /* NSDate+Timepiece.swift */; };
		98ED67F420B1D49500A24CC4 /* NSDateComponents+Timepiece.swift in Sources */ = {isa = PBXBuildFile; fileRef = 98ED67EC20B1D49500A24CC4 /* NSDateComponents+Timepiece.swift */; };
		98ED67F520B1D49500A24CC4 /* String+Timepiece.swift in Sources */ = {isa = PBXBuildFile; fileRef = 98ED67ED20B1D49500A24CC4 /* String+Timepiece.swift */; };
		98ED67F620B1D49500A24CC4 /* WWCalendarTimeSelector.storyboard in Resources */ = {isa = PBXBuildFile; fileRef = 98ED67EE20B1D49500A24CC4 /* WWCalendarTimeSelector.storyboard */; };
		98ED67F720B1D49500A24CC4 /* WWCalendarTimeSelector.swift in Sources */ = {isa = PBXBuildFile; fileRef = 98ED67EF20B1D49500A24CC4 /* WWCalendarTimeSelector.swift */; };
		98EEEEA920A8725500193EEE /* ISRadioButton.swift in Sources */ = {isa = PBXBuildFile; fileRef = 98EEEEA820A8725500193EEE /* ISRadioButton.swift */; };
		98EEEEAB20A8807E00193EEE /* DatabaseRef.swift in Sources */ = {isa = PBXBuildFile; fileRef = 98EEEEAA20A8807E00193EEE /* DatabaseRef.swift */; };
		98EF9E58209B0FDA00F7A859 /* UIView+constraints.swift in Sources */ = {isa = PBXBuildFile; fileRef = 98EF9E57209B0FDA00F7A859 /* UIView+constraints.swift */; };
		98EF9E5A209B109800F7A859 /* BookingVC.swift in Sources */ = {isa = PBXBuildFile; fileRef = 98EF9E59209B109800F7A859 /* BookingVC.swift */; };
		98EF9E5C209B10B500F7A859 /* AppointmentVC.swift in Sources */ = {isa = PBXBuildFile; fileRef = 98EF9E5B209B10B500F7A859 /* AppointmentVC.swift */; };
		98EF9E5E209B3CDE00F7A859 /* AuthPhoneVC.swift in Sources */ = {isa = PBXBuildFile; fileRef = 98EF9E5D209B3CDE00F7A859 /* AuthPhoneVC.swift */; };
		98EF9E60209B3D3900F7A859 /* AuthTermsVC.swift in Sources */ = {isa = PBXBuildFile; fileRef = 98EF9E5F209B3D3900F7A859 /* AuthTermsVC.swift */; };
		98EF9E62209B4F3C00F7A859 /* AuthProfileVC.swift in Sources */ = {isa = PBXBuildFile; fileRef = 98EF9E61209B4F3C00F7A859 /* AuthProfileVC.swift */; };
		98F0B56220BABB7500E7F1CA /* News.swift in Sources */ = {isa = PBXBuildFile; fileRef = 98F0B56120BABB7500E7F1CA /* News.swift */; };
		98F0B56420BB006A00E7F1CA /* StatisticsVC.swift in Sources */ = {isa = PBXBuildFile; fileRef = 98F0B56320BB006A00E7F1CA /* StatisticsVC.swift */; };
		CA2464EB3360DCD82AC09B7F /* Pods_AcuaTests.framework in Frameworks */ = {isa = PBXBuildFile; fileRef = EB5AFEF0FC34875EA4CE53AD /* Pods_AcuaTests.framework */; };
		D611F16B97880D6911684755 /* Pods_Acua.framework in Frameworks */ = {isa = PBXBuildFile; fileRef = 79D57631B50D26388CC869C1 /* Pods_Acua.framework */; };
/* End PBXBuildFile section */

/* Begin PBXContainerItemProxy section */
		981EB73D209AF0B200626B6A /* PBXContainerItemProxy */ = {
			isa = PBXContainerItemProxy;
			containerPortal = 981EB720209AF0B100626B6A /* Project object */;
			proxyType = 1;
			remoteGlobalIDString = 981EB727209AF0B100626B6A;
			remoteInfo = Acua;
		};
		981EB748209AF0B200626B6A /* PBXContainerItemProxy */ = {
			isa = PBXContainerItemProxy;
			containerPortal = 981EB720209AF0B100626B6A /* Project object */;
			proxyType = 1;
			remoteGlobalIDString = 981EB727209AF0B100626B6A;
			remoteInfo = Acua;
		};
		98232D4820B46E6E00101E02 /* PBXContainerItemProxy */ = {
			isa = PBXContainerItemProxy;
			containerPortal = 981EB720209AF0B100626B6A /* Project object */;
			proxyType = 1;
			remoteGlobalIDString = 98232D4220B46E6E00101E02;
			remoteInfo = OneSignalNotificationServiceExtension;
		};
/* End PBXContainerItemProxy section */

/* Begin PBXCopyFilesBuildPhase section */
		98232D4E20B46E6E00101E02 /* Embed App Extensions */ = {
			isa = PBXCopyFilesBuildPhase;
			buildActionMask = 2147483647;
			dstPath = "";
			dstSubfolderSpec = 13;
			files = (
				98232D4A20B46E6E00101E02 /* OneSignalNotificationServiceExtension.appex in Embed App Extensions */,
			);
			name = "Embed App Extensions";
			runOnlyForDeploymentPostprocessing = 0;
		};
/* End PBXCopyFilesBuildPhase section */

/* Begin PBXFileReference section */
		1AD65657C95BA0DCC52F35E9 /* Pods-AcuaUITests.release.xcconfig */ = {isa = PBXFileReference; includeInIndex = 1; lastKnownFileType = text.xcconfig; name = "Pods-AcuaUITests.release.xcconfig"; path = "Pods/Target Support Files/Pods-AcuaUITests/Pods-AcuaUITests.release.xcconfig"; sourceTree = "<group>"; };
		21B89FFA7F8756EBCC6F1EE5 /* Pods-Acua.debug.xcconfig */ = {isa = PBXFileReference; includeInIndex = 1; lastKnownFileType = text.xcconfig; name = "Pods-Acua.debug.xcconfig"; path = "Pods/Target Support Files/Pods-Acua/Pods-Acua.debug.xcconfig"; sourceTree = "<group>"; };
		25550F187F0A791918546A0B /* Pods_AcuaUITests.framework */ = {isa = PBXFileReference; explicitFileType = wrapper.framework; includeInIndex = 0; path = Pods_AcuaUITests.framework; sourceTree = BUILT_PRODUCTS_DIR; };
		467661B0C6E2FBB46BAF3A71 /* Pods-AcuaUITests.debug.xcconfig */ = {isa = PBXFileReference; includeInIndex = 1; lastKnownFileType = text.xcconfig; name = "Pods-AcuaUITests.debug.xcconfig"; path = "Pods/Target Support Files/Pods-AcuaUITests/Pods-AcuaUITests.debug.xcconfig"; sourceTree = "<group>"; };
		79D57631B50D26388CC869C1 /* Pods_Acua.framework */ = {isa = PBXFileReference; explicitFileType = wrapper.framework; includeInIndex = 0; path = Pods_Acua.framework; sourceTree = BUILT_PRODUCTS_DIR; };
		9174A8A2499253E231BA59C8 /* Pods-AcuaTests.debug.xcconfig */ = {isa = PBXFileReference; includeInIndex = 1; lastKnownFileType = text.xcconfig; name = "Pods-AcuaTests.debug.xcconfig"; path = "Pods/Target Support Files/Pods-AcuaTests/Pods-AcuaTests.debug.xcconfig"; sourceTree = "<group>"; };
		9800A82420AD6BD800962AE8 /* User.swift */ = {isa = PBXFileReference; lastKnownFileType = sourcecode.swift; path = User.swift; sourceTree = "<group>"; };
		9800A82620AD73D200962AE8 /* Order.swift */ = {isa = PBXFileReference; lastKnownFileType = sourcecode.swift; path = Order.swift; sourceTree = "<group>"; };
		9800A82820AD747900962AE8 /* Location.swift */ = {isa = PBXFileReference; lastKnownFileType = sourcecode.swift; path = Location.swift; sourceTree = "<group>"; };
		980F08F220AB2377008B4135 /* Device.swift */ = {isa = PBXFileReference; lastKnownFileType = sourcecode.swift; path = Device.swift; sourceTree = "<group>"; };
		98155BD1209D630600F53CB7 /* TOActionSheet.h */ = {isa = PBXFileReference; fileEncoding = 4; lastKnownFileType = sourcecode.c.h; path = TOActionSheet.h; sourceTree = "<group>"; };
		98155BD2209D630600F53CB7 /* TOActionSheet.m */ = {isa = PBXFileReference; fileEncoding = 4; lastKnownFileType = sourcecode.c.objc; path = TOActionSheet.m; sourceTree = "<group>"; };
		98155BD8209D63FA00F53CB7 /* Acua-Bridging-Header.h */ = {isa = PBXFileReference; lastKnownFileType = sourcecode.c.h; path = "Acua-Bridging-Header.h"; sourceTree = "<group>"; };
		98155BDC209D654B00F53CB7 /* AppManager.swift */ = {isa = PBXFileReference; lastKnownFileType = sourcecode.swift; path = AppManager.swift; sourceTree = "<group>"; };
		981945EA20BA988C00C0411C /* ImageLoader.swift */ = {isa = PBXFileReference; lastKnownFileType = sourcecode.swift; path = ImageLoader.swift; sourceTree = "<group>"; };
		981EB728209AF0B100626B6A /* Acua.app */ = {isa = PBXFileReference; explicitFileType = wrapper.application; includeInIndex = 0; path = Acua.app; sourceTree = BUILT_PRODUCTS_DIR; };
		981EB72B209AF0B100626B6A /* AppDelegate.swift */ = {isa = PBXFileReference; lastKnownFileType = sourcecode.swift; path = AppDelegate.swift; sourceTree = "<group>"; };
		981EB72D209AF0B100626B6A /* MainVC.swift */ = {isa = PBXFileReference; lastKnownFileType = sourcecode.swift; path = MainVC.swift; sourceTree = "<group>"; };
		981EB730209AF0B100626B6A /* Base */ = {isa = PBXFileReference; lastKnownFileType = file.storyboard; name = Base; path = Base.lproj/Main.storyboard; sourceTree = "<group>"; };
		981EB732209AF0B100626B6A /* Assets.xcassets */ = {isa = PBXFileReference; lastKnownFileType = folder.assetcatalog; path = Assets.xcassets; sourceTree = "<group>"; };
		981EB735209AF0B100626B6A /* Base */ = {isa = PBXFileReference; lastKnownFileType = file.storyboard; name = Base; path = Base.lproj/LaunchScreen.storyboard; sourceTree = "<group>"; };
		981EB737209AF0B100626B6A /* Info.plist */ = {isa = PBXFileReference; lastKnownFileType = text.plist.xml; path = Info.plist; sourceTree = "<group>"; };
		981EB73C209AF0B200626B6A /* AcuaTests.xctest */ = {isa = PBXFileReference; explicitFileType = wrapper.cfbundle; includeInIndex = 0; path = AcuaTests.xctest; sourceTree = BUILT_PRODUCTS_DIR; };
		981EB740209AF0B200626B6A /* AcuaTests.swift */ = {isa = PBXFileReference; lastKnownFileType = sourcecode.swift; path = AcuaTests.swift; sourceTree = "<group>"; };
		981EB742209AF0B200626B6A /* Info.plist */ = {isa = PBXFileReference; lastKnownFileType = text.plist.xml; path = Info.plist; sourceTree = "<group>"; };
		981EB747209AF0B200626B6A /* AcuaUITests.xctest */ = {isa = PBXFileReference; explicitFileType = wrapper.cfbundle; includeInIndex = 0; path = AcuaUITests.xctest; sourceTree = BUILT_PRODUCTS_DIR; };
		981EB74B209AF0B200626B6A /* AcuaUITests.swift */ = {isa = PBXFileReference; lastKnownFileType = sourcecode.swift; path = AcuaUITests.swift; sourceTree = "<group>"; };
		981EB74D209AF0B200626B6A /* Info.plist */ = {isa = PBXFileReference; lastKnownFileType = text.plist.xml; path = Info.plist; sourceTree = "<group>"; };
		981EB759209AF84000626B6A /* GoogleService-Info.plist */ = {isa = PBXFileReference; fileEncoding = 4; lastKnownFileType = text.plist.xml; path = "GoogleService-Info.plist"; sourceTree = "<group>"; };
		98232D2520B4131D00101E02 /* DefaultNotificationCenter.swift */ = {isa = PBXFileReference; fileEncoding = 4; lastKnownFileType = sourcecode.swift; path = DefaultNotificationCenter.swift; sourceTree = "<group>"; };
		98232D3120B449B300101E02 /* SideMenuVC.swift */ = {isa = PBXFileReference; lastKnownFileType = sourcecode.swift; path = SideMenuVC.swift; sourceTree = "<group>"; };
		98232D3320B45B1D00101E02 /* SideProfileVC.swift */ = {isa = PBXFileReference; lastKnownFileType = sourcecode.swift; path = SideProfileVC.swift; sourceTree = "<group>"; };
		98232D3520B45B5300101E02 /* SideNotificationsVC.swift */ = {isa = PBXFileReference; lastKnownFileType = sourcecode.swift; path = SideNotificationsVC.swift; sourceTree = "<group>"; };
		98232D3720B45B6700101E02 /* SidePaymentVC.swift */ = {isa = PBXFileReference; lastKnownFileType = sourcecode.swift; path = SidePaymentVC.swift; sourceTree = "<group>"; };
		98232D3920B45B7C00101E02 /* SideFeedback.swift */ = {isa = PBXFileReference; lastKnownFileType = sourcecode.swift; path = SideFeedback.swift; sourceTree = "<group>"; };
		98232D3B20B45B9700101E02 /* SideWhereVC.swift */ = {isa = PBXFileReference; lastKnownFileType = sourcecode.swift; path = SideWhereVC.swift; sourceTree = "<group>"; };
		98232D3D20B45BBC00101E02 /* SideAgreementsVC.swift */ = {isa = PBXFileReference; lastKnownFileType = sourcecode.swift; path = SideAgreementsVC.swift; sourceTree = "<group>"; };
		98232D4320B46E6E00101E02 /* OneSignalNotificationServiceExtension.appex */ = {isa = PBXFileReference; explicitFileType = "wrapper.app-extension"; includeInIndex = 0; path = OneSignalNotificationServiceExtension.appex; sourceTree = BUILT_PRODUCTS_DIR; };
		98232D4520B46E6E00101E02 /* NotificationService.swift */ = {isa = PBXFileReference; lastKnownFileType = sourcecode.swift; path = NotificationService.swift; sourceTree = "<group>"; };
		98232D4720B46E6E00101E02 /* Info.plist */ = {isa = PBXFileReference; lastKnownFileType = text.plist.xml; path = Info.plist; sourceTree = "<group>"; };
		98700B4E20A9EB780085D1B1 /* Car.swift */ = {isa = PBXFileReference; lastKnownFileType = sourcecode.swift; path = Car.swift; sourceTree = "<group>"; };
		98700B5020A9EB960085D1B1 /* Wash.swift */ = {isa = PBXFileReference; lastKnownFileType = sourcecode.swift; path = Wash.swift; sourceTree = "<group>"; };
		98700B5220A9EBBD0085D1B1 /* Menu.swift */ = {isa = PBXFileReference; lastKnownFileType = sourcecode.swift; path = Menu.swift; sourceTree = "<group>"; };
		98D97A0820AAD85500556842 /* Util.swift */ = {isa = PBXFileReference; lastKnownFileType = sourcecode.swift; path = Util.swift; sourceTree = "<group>"; };
		98EBC55C20B2B7D300F00472 /* BottomAlert.swift */ = {isa = PBXFileReference; lastKnownFileType = sourcecode.swift; path = BottomAlert.swift; sourceTree = "<group>"; };
		98EBC55E20B2B7F300F00472 /* BottomAlert.xib */ = {isa = PBXFileReference; lastKnownFileType = file.xib; path = BottomAlert.xib; sourceTree = "<group>"; };
		98ED67D220B1724200A24CC4 /* acua_agreements.html */ = {isa = PBXFileReference; fileEncoding = 4; lastKnownFileType = text.html; path = acua_agreements.html; sourceTree = "<group>"; };
		98ED67D420B1A56400A24CC4 /* AppConst.swift */ = {isa = PBXFileReference; lastKnownFileType = sourcecode.swift; path = AppConst.swift; sourceTree = "<group>"; };
		98ED67E820B1D49500A24CC4 /* Duration.swift */ = {isa = PBXFileReference; fileEncoding = 4; lastKnownFileType = sourcecode.swift; path = Duration.swift; sourceTree = "<group>"; };
		98ED67E920B1D49500A24CC4 /* Int+Timepiece.swift */ = {isa = PBXFileReference; fileEncoding = 4; lastKnownFileType = sourcecode.swift; path = "Int+Timepiece.swift"; sourceTree = "<group>"; };
		98ED67EA20B1D49500A24CC4 /* NSCalendar+Timepiece.swift */ = {isa = PBXFileReference; fileEncoding = 4; lastKnownFileType = sourcecode.swift; path = "NSCalendar+Timepiece.swift"; sourceTree = "<group>"; };
		98ED67EB20B1D49500A24CC4 /* NSDate+Timepiece.swift */ = {isa = PBXFileReference; fileEncoding = 4; lastKnownFileType = sourcecode.swift; path = "NSDate+Timepiece.swift"; sourceTree = "<group>"; };
		98ED67EC20B1D49500A24CC4 /* NSDateComponents+Timepiece.swift */ = {isa = PBXFileReference; fileEncoding = 4; lastKnownFileType = sourcecode.swift; path = "NSDateComponents+Timepiece.swift"; sourceTree = "<group>"; };
		98ED67ED20B1D49500A24CC4 /* String+Timepiece.swift */ = {isa = PBXFileReference; fileEncoding = 4; lastKnownFileType = sourcecode.swift; path = "String+Timepiece.swift"; sourceTree = "<group>"; };
		98ED67EE20B1D49500A24CC4 /* WWCalendarTimeSelector.storyboard */ = {isa = PBXFileReference; fileEncoding = 4; lastKnownFileType = file.storyboard; path = WWCalendarTimeSelector.storyboard; sourceTree = "<group>"; };
		98ED67EF20B1D49500A24CC4 /* WWCalendarTimeSelector.swift */ = {isa = PBXFileReference; fileEncoding = 4; lastKnownFileType = sourcecode.swift; path = WWCalendarTimeSelector.swift; sourceTree = "<group>"; };
		98EEEEA820A8725500193EEE /* ISRadioButton.swift */ = {isa = PBXFileReference; fileEncoding = 4; lastKnownFileType = sourcecode.swift; path = ISRadioButton.swift; sourceTree = "<group>"; };
		98EEEEAA20A8807E00193EEE /* DatabaseRef.swift */ = {isa = PBXFileReference; lastKnownFileType = sourcecode.swift; path = DatabaseRef.swift; sourceTree = "<group>"; };
		98EF9E57209B0FDA00F7A859 /* UIView+constraints.swift */ = {isa = PBXFileReference; fileEncoding = 4; lastKnownFileType = sourcecode.swift; path = "UIView+constraints.swift"; sourceTree = "<group>"; };
		98EF9E59209B109800F7A859 /* BookingVC.swift */ = {isa = PBXFileReference; lastKnownFileType = sourcecode.swift; path = BookingVC.swift; sourceTree = "<group>"; };
		98EF9E5B209B10B500F7A859 /* AppointmentVC.swift */ = {isa = PBXFileReference; lastKnownFileType = sourcecode.swift; path = AppointmentVC.swift; sourceTree = "<group>"; };
		98EF9E5D209B3CDE00F7A859 /* AuthPhoneVC.swift */ = {isa = PBXFileReference; lastKnownFileType = sourcecode.swift; path = AuthPhoneVC.swift; sourceTree = "<group>"; };
		98EF9E5F209B3D3900F7A859 /* AuthTermsVC.swift */ = {isa = PBXFileReference; lastKnownFileType = sourcecode.swift; path = AuthTermsVC.swift; sourceTree = "<group>"; };
		98EF9E61209B4F3C00F7A859 /* AuthProfileVC.swift */ = {isa = PBXFileReference; lastKnownFileType = sourcecode.swift; path = AuthProfileVC.swift; sourceTree = "<group>"; };
		98EF9E63209CB65800F7A859 /* Acua.entitlements */ = {isa = PBXFileReference; lastKnownFileType = text.plist.entitlements; path = Acua.entitlements; sourceTree = "<group>"; };
		98F0B56120BABB7500E7F1CA /* News.swift */ = {isa = PBXFileReference; lastKnownFileType = sourcecode.swift; path = News.swift; sourceTree = "<group>"; };
		98F0B56320BB006A00E7F1CA /* StatisticsVC.swift */ = {isa = PBXFileReference; lastKnownFileType = sourcecode.swift; path = StatisticsVC.swift; sourceTree = "<group>"; };
		C90DC1D87EE7B2EF2211E6CF /* Pods_Acua_OneSignalNotificationServiceExtension.framework */ = {isa = PBXFileReference; explicitFileType = wrapper.framework; includeInIndex = 0; path = Pods_Acua_OneSignalNotificationServiceExtension.framework; sourceTree = BUILT_PRODUCTS_DIR; };
		CBEB3AA17B31A033FD85EB68 /* Pods-Acua-OneSignalNotificationServiceExtension.debug.xcconfig */ = {isa = PBXFileReference; includeInIndex = 1; lastKnownFileType = text.xcconfig; name = "Pods-Acua-OneSignalNotificationServiceExtension.debug.xcconfig"; path = "Pods/Target Support Files/Pods-Acua-OneSignalNotificationServiceExtension/Pods-Acua-OneSignalNotificationServiceExtension.debug.xcconfig"; sourceTree = "<group>"; };
		E2DDE78596EC164DD83EBDE5 /* Pods-AcuaTests.release.xcconfig */ = {isa = PBXFileReference; includeInIndex = 1; lastKnownFileType = text.xcconfig; name = "Pods-AcuaTests.release.xcconfig"; path = "Pods/Target Support Files/Pods-AcuaTests/Pods-AcuaTests.release.xcconfig"; sourceTree = "<group>"; };
		E42E25C9D58B33E78EA3C61B /* Pods-Acua.release.xcconfig */ = {isa = PBXFileReference; includeInIndex = 1; lastKnownFileType = text.xcconfig; name = "Pods-Acua.release.xcconfig"; path = "Pods/Target Support Files/Pods-Acua/Pods-Acua.release.xcconfig"; sourceTree = "<group>"; };
		EB5AFEF0FC34875EA4CE53AD /* Pods_AcuaTests.framework */ = {isa = PBXFileReference; explicitFileType = wrapper.framework; includeInIndex = 0; path = Pods_AcuaTests.framework; sourceTree = BUILT_PRODUCTS_DIR; };
		F574EA0CDD18DE04B629CA48 /* Pods-Acua-OneSignalNotificationServiceExtension.release.xcconfig */ = {isa = PBXFileReference; includeInIndex = 1; lastKnownFileType = text.xcconfig; name = "Pods-Acua-OneSignalNotificationServiceExtension.release.xcconfig"; path = "Pods/Target Support Files/Pods-Acua-OneSignalNotificationServiceExtension/Pods-Acua-OneSignalNotificationServiceExtension.release.xcconfig"; sourceTree = "<group>"; };
/* End PBXFileReference section */

/* Begin PBXFrameworksBuildPhase section */
		981EB725209AF0B100626B6A /* Frameworks */ = {
			isa = PBXFrameworksBuildPhase;
			buildActionMask = 2147483647;
			files = (
				D611F16B97880D6911684755 /* Pods_Acua.framework in Frameworks */,
			);
			runOnlyForDeploymentPostprocessing = 0;
		};
		981EB739209AF0B200626B6A /* Frameworks */ = {
			isa = PBXFrameworksBuildPhase;
			buildActionMask = 2147483647;
			files = (
				CA2464EB3360DCD82AC09B7F /* Pods_AcuaTests.framework in Frameworks */,
			);
			runOnlyForDeploymentPostprocessing = 0;
		};
		981EB744209AF0B200626B6A /* Frameworks */ = {
			isa = PBXFrameworksBuildPhase;
			buildActionMask = 2147483647;
			files = (
				30AA94D64AF0EA212DEA8B6E /* Pods_AcuaUITests.framework in Frameworks */,
			);
			runOnlyForDeploymentPostprocessing = 0;
		};
		98232D4020B46E6E00101E02 /* Frameworks */ = {
			isa = PBXFrameworksBuildPhase;
			buildActionMask = 2147483647;
			files = (
				88BB6A786B586F9106B552F4 /* Pods_Acua_OneSignalNotificationServiceExtension.framework in Frameworks */,
			);
			runOnlyForDeploymentPostprocessing = 0;
		};
/* End PBXFrameworksBuildPhase section */

/* Begin PBXGroup section */
		822A97488E4BB94CCEAC58BD /* Frameworks */ = {
			isa = PBXGroup;
			children = (
				79D57631B50D26388CC869C1 /* Pods_Acua.framework */,
				EB5AFEF0FC34875EA4CE53AD /* Pods_AcuaTests.framework */,
				25550F187F0A791918546A0B /* Pods_AcuaUITests.framework */,
				C90DC1D87EE7B2EF2211E6CF /* Pods_Acua_OneSignalNotificationServiceExtension.framework */,
			);
			name = Frameworks;
			sourceTree = "<group>";
		};
		98155BCF209D630600F53CB7 /* ObjC */ = {
			isa = PBXGroup;
			children = (
				98155BD0209D630600F53CB7 /* TOActionsheet */,
			);
			path = ObjC;
			sourceTree = "<group>";
		};
		98155BD0209D630600F53CB7 /* TOActionsheet */ = {
			isa = PBXGroup;
			children = (
				98155BD1209D630600F53CB7 /* TOActionSheet.h */,
				98155BD2209D630600F53CB7 /* TOActionSheet.m */,
			);
			path = TOActionsheet;
			sourceTree = "<group>";
		};
		981EB71F209AF0B100626B6A = {
			isa = PBXGroup;
			children = (
				981EB72A209AF0B100626B6A /* Acua */,
				981EB73F209AF0B200626B6A /* AcuaTests */,
				981EB74A209AF0B200626B6A /* AcuaUITests */,
				98232D4420B46E6E00101E02 /* OneSignalNotificationServiceExtension */,
				981EB729209AF0B100626B6A /* Products */,
				F1EE7CEF9661B4AE7879757F /* Pods */,
				822A97488E4BB94CCEAC58BD /* Frameworks */,
			);
			sourceTree = "<group>";
		};
		981EB729209AF0B100626B6A /* Products */ = {
			isa = PBXGroup;
			children = (
				981EB728209AF0B100626B6A /* Acua.app */,
				981EB73C209AF0B200626B6A /* AcuaTests.xctest */,
				981EB747209AF0B200626B6A /* AcuaUITests.xctest */,
				98232D4320B46E6E00101E02 /* OneSignalNotificationServiceExtension.appex */,
			);
			name = Products;
			sourceTree = "<group>";
		};
		981EB72A209AF0B100626B6A /* Acua */ = {
			isa = PBXGroup;
			children = (
				98700B4D20A9EB620085D1B1 /* Models */,
				98918068209F6C04000030D4 /* Classes */,
				98155BCF209D630600F53CB7 /* ObjC */,
				98EF9E63209CB65800F7A859 /* Acua.entitlements */,
				98155BD8209D63FA00F53CB7 /* Acua-Bridging-Header.h */,
				98ED67D220B1724200A24CC4 /* acua_agreements.html */,
				98EF9E57209B0FDA00F7A859 /* UIView+constraints.swift */,
				981EB72B209AF0B100626B6A /* AppDelegate.swift */,
				98155BDC209D654B00F53CB7 /* AppManager.swift */,
				98ED67D420B1A56400A24CC4 /* AppConst.swift */,
				981EB72D209AF0B100626B6A /* MainVC.swift */,
				98F0B56320BB006A00E7F1CA /* StatisticsVC.swift */,
				98EF9E59209B109800F7A859 /* BookingVC.swift */,
				98EF9E5B209B10B500F7A859 /* AppointmentVC.swift */,
				98EF9E5D209B3CDE00F7A859 /* AuthPhoneVC.swift */,
				98EF9E61209B4F3C00F7A859 /* AuthProfileVC.swift */,
				98EF9E5F209B3D3900F7A859 /* AuthTermsVC.swift */,
				98EEEEAA20A8807E00193EEE /* DatabaseRef.swift */,
				98232D3120B449B300101E02 /* SideMenuVC.swift */,
				98232D3320B45B1D00101E02 /* SideProfileVC.swift */,
				98232D3520B45B5300101E02 /* SideNotificationsVC.swift */,
				98232D3720B45B6700101E02 /* SidePaymentVC.swift */,
				98232D3920B45B7C00101E02 /* SideFeedback.swift */,
				98232D3B20B45B9700101E02 /* SideWhereVC.swift */,
				98232D3D20B45BBC00101E02 /* SideAgreementsVC.swift */,
				981EB72F209AF0B100626B6A /* Main.storyboard */,
				981EB732209AF0B100626B6A /* Assets.xcassets */,
				981EB734209AF0B100626B6A /* LaunchScreen.storyboard */,
				981EB737209AF0B100626B6A /* Info.plist */,
				981EB759209AF84000626B6A /* GoogleService-Info.plist */,
			);
			path = Acua;
			sourceTree = "<group>";
		};
		981EB73F209AF0B200626B6A /* AcuaTests */ = {
			isa = PBXGroup;
			children = (
				981EB740209AF0B200626B6A /* AcuaTests.swift */,
				981EB742209AF0B200626B6A /* Info.plist */,
			);
			path = AcuaTests;
			sourceTree = "<group>";
		};
		981EB74A209AF0B200626B6A /* AcuaUITests */ = {
			isa = PBXGroup;
			children = (
				981EB74B209AF0B200626B6A /* AcuaUITests.swift */,
				981EB74D209AF0B200626B6A /* Info.plist */,
			);
			path = AcuaUITests;
			sourceTree = "<group>";
		};
		98232D4420B46E6E00101E02 /* OneSignalNotificationServiceExtension */ = {
			isa = PBXGroup;
			children = (
				98232D4520B46E6E00101E02 /* NotificationService.swift */,
				98232D4720B46E6E00101E02 /* Info.plist */,
			);
			path = OneSignalNotificationServiceExtension;
			sourceTree = "<group>";
		};
		98700B4D20A9EB620085D1B1 /* Models */ = {
			isa = PBXGroup;
			children = (
				98700B4E20A9EB780085D1B1 /* Car.swift */,
				98700B5020A9EB960085D1B1 /* Wash.swift */,
				98700B5220A9EBBD0085D1B1 /* Menu.swift */,
				9800A82420AD6BD800962AE8 /* User.swift */,
				9800A82620AD73D200962AE8 /* Order.swift */,
				9800A82820AD747900962AE8 /* Location.swift */,
				98F0B56120BABB7500E7F1CA /* News.swift */,
			);
			path = Models;
			sourceTree = "<group>";
		};
		98918068209F6C04000030D4 /* Classes */ = {
			isa = PBXGroup;
			children = (
				98232D2520B4131D00101E02 /* DefaultNotificationCenter.swift */,
				98ED67E720B1D49500A24CC4 /* DateTimePicker */,
				98EEEEA820A8725500193EEE /* ISRadioButton.swift */,
				98D97A0820AAD85500556842 /* Util.swift */,
				980F08F220AB2377008B4135 /* Device.swift */,
				98EBC55C20B2B7D300F00472 /* BottomAlert.swift */,
				98EBC55E20B2B7F300F00472 /* BottomAlert.xib */,
				981945EA20BA988C00C0411C /* ImageLoader.swift */,
			);
			path = Classes;
			sourceTree = "<group>";
		};
		98ED67E720B1D49500A24CC4 /* DateTimePicker */ = {
			isa = PBXGroup;
			children = (
				98ED67E820B1D49500A24CC4 /* Duration.swift */,
				98ED67E920B1D49500A24CC4 /* Int+Timepiece.swift */,
				98ED67EA20B1D49500A24CC4 /* NSCalendar+Timepiece.swift */,
				98ED67EB20B1D49500A24CC4 /* NSDate+Timepiece.swift */,
				98ED67EC20B1D49500A24CC4 /* NSDateComponents+Timepiece.swift */,
				98ED67ED20B1D49500A24CC4 /* String+Timepiece.swift */,
				98ED67EE20B1D49500A24CC4 /* WWCalendarTimeSelector.storyboard */,
				98ED67EF20B1D49500A24CC4 /* WWCalendarTimeSelector.swift */,
			);
			path = DateTimePicker;
			sourceTree = "<group>";
		};
		F1EE7CEF9661B4AE7879757F /* Pods */ = {
			isa = PBXGroup;
			children = (
				21B89FFA7F8756EBCC6F1EE5 /* Pods-Acua.debug.xcconfig */,
				E42E25C9D58B33E78EA3C61B /* Pods-Acua.release.xcconfig */,
				9174A8A2499253E231BA59C8 /* Pods-AcuaTests.debug.xcconfig */,
				E2DDE78596EC164DD83EBDE5 /* Pods-AcuaTests.release.xcconfig */,
				467661B0C6E2FBB46BAF3A71 /* Pods-AcuaUITests.debug.xcconfig */,
				1AD65657C95BA0DCC52F35E9 /* Pods-AcuaUITests.release.xcconfig */,
				CBEB3AA17B31A033FD85EB68 /* Pods-Acua-OneSignalNotificationServiceExtension.debug.xcconfig */,
				F574EA0CDD18DE04B629CA48 /* Pods-Acua-OneSignalNotificationServiceExtension.release.xcconfig */,
			);
			name = Pods;
			sourceTree = "<group>";
		};
/* End PBXGroup section */

/* Begin PBXNativeTarget section */
		981EB727209AF0B100626B6A /* Acua */ = {
			isa = PBXNativeTarget;
			buildConfigurationList = 981EB750209AF0B200626B6A /* Build configuration list for PBXNativeTarget "Acua" */;
			buildPhases = (
				CC4BD5BF20D8733A6022AF26 /* [CP] Check Pods Manifest.lock */,
				981EB724209AF0B100626B6A /* Sources */,
				981EB725209AF0B100626B6A /* Frameworks */,
				981EB726209AF0B100626B6A /* Resources */,
				9E4CF4456DBEEEF2F2325333 /* [CP] Embed Pods Frameworks */,
				931B4497ABF06F8731C273EE /* [CP] Copy Pods Resources */,
				98232D4E20B46E6E00101E02 /* Embed App Extensions */,
			);
			buildRules = (
			);
			dependencies = (
				98232D4920B46E6E00101E02 /* PBXTargetDependency */,
			);
			name = Acua;
			productName = Acua;
			productReference = 981EB728209AF0B100626B6A /* Acua.app */;
			productType = "com.apple.product-type.application";
		};
		981EB73B209AF0B200626B6A /* AcuaTests */ = {
			isa = PBXNativeTarget;
			buildConfigurationList = 981EB753209AF0B200626B6A /* Build configuration list for PBXNativeTarget "AcuaTests" */;
			buildPhases = (
				5F7D48B51E0E48E7A90F36F8 /* [CP] Check Pods Manifest.lock */,
				981EB738209AF0B200626B6A /* Sources */,
				981EB739209AF0B200626B6A /* Frameworks */,
				981EB73A209AF0B200626B6A /* Resources */,
				069CFCB501633984EFC4E247 /* [CP] Embed Pods Frameworks */,
				F76204EBB8E51BC2221F4A25 /* [CP] Copy Pods Resources */,
			);
			buildRules = (
			);
			dependencies = (
				981EB73E209AF0B200626B6A /* PBXTargetDependency */,
			);
			name = AcuaTests;
			productName = AcuaTests;
			productReference = 981EB73C209AF0B200626B6A /* AcuaTests.xctest */;
			productType = "com.apple.product-type.bundle.unit-test";
		};
		981EB746209AF0B200626B6A /* AcuaUITests */ = {
			isa = PBXNativeTarget;
			buildConfigurationList = 981EB756209AF0B200626B6A /* Build configuration list for PBXNativeTarget "AcuaUITests" */;
			buildPhases = (
				0B819CB57F3DFEB11924958B /* [CP] Check Pods Manifest.lock */,
				981EB743209AF0B200626B6A /* Sources */,
				981EB744209AF0B200626B6A /* Frameworks */,
				981EB745209AF0B200626B6A /* Resources */,
				F60C62525F44E671E178BDA0 /* [CP] Embed Pods Frameworks */,
				3824DBAD03E71CEF792CACEE /* [CP] Copy Pods Resources */,
			);
			buildRules = (
			);
			dependencies = (
				981EB749209AF0B200626B6A /* PBXTargetDependency */,
			);
			name = AcuaUITests;
			productName = AcuaUITests;
			productReference = 981EB747209AF0B200626B6A /* AcuaUITests.xctest */;
			productType = "com.apple.product-type.bundle.ui-testing";
		};
		98232D4220B46E6E00101E02 /* OneSignalNotificationServiceExtension */ = {
			isa = PBXNativeTarget;
			buildConfigurationList = 98232D4B20B46E6E00101E02 /* Build configuration list for PBXNativeTarget "OneSignalNotificationServiceExtension" */;
			buildPhases = (
				08627FD855927F8F66B8F87F /* [CP] Check Pods Manifest.lock */,
				98232D3F20B46E6E00101E02 /* Sources */,
				98232D4020B46E6E00101E02 /* Frameworks */,
				98232D4120B46E6E00101E02 /* Resources */,
				DE67A5F1566327A0FC15B1D6 /* [CP] Copy Pods Resources */,
			);
			buildRules = (
			);
			dependencies = (
			);
			name = OneSignalNotificationServiceExtension;
			productName = OneSignalNotificationServiceExtension;
			productReference = 98232D4320B46E6E00101E02 /* OneSignalNotificationServiceExtension.appex */;
			productType = "com.apple.product-type.app-extension";
		};
/* End PBXNativeTarget section */

/* Begin PBXProject section */
		981EB720209AF0B100626B6A /* Project object */ = {
			isa = PBXProject;
			attributes = {
				LastSwiftUpdateCheck = 0910;
				LastUpgradeCheck = 0910;
				ORGANIZATIONNAME = AHero;
				TargetAttributes = {
					981EB727209AF0B100626B6A = {
						CreatedOnToolsVersion = 9.1;
						ProvisioningStyle = Automatic;
						SystemCapabilities = {
							com.apple.BackgroundModes = {
								enabled = 1;
							};
							com.apple.Push = {
								enabled = 1;
							};
						};
					};
					981EB73B209AF0B200626B6A = {
						CreatedOnToolsVersion = 9.1;
						ProvisioningStyle = Automatic;
						TestTargetID = 981EB727209AF0B100626B6A;
					};
					981EB746209AF0B200626B6A = {
						CreatedOnToolsVersion = 9.1;
						ProvisioningStyle = Automatic;
						TestTargetID = 981EB727209AF0B100626B6A;
					};
					98232D4220B46E6E00101E02 = {
						CreatedOnToolsVersion = 9.1;
						ProvisioningStyle = Automatic;
					};
				};
			};
			buildConfigurationList = 981EB723209AF0B100626B6A /* Build configuration list for PBXProject "Acua" */;
			compatibilityVersion = "Xcode 8.0";
			developmentRegion = en;
			hasScannedForEncodings = 0;
			knownRegions = (
				en,
				Base,
			);
			mainGroup = 981EB71F209AF0B100626B6A;
			productRefGroup = 981EB729209AF0B100626B6A /* Products */;
			projectDirPath = "";
			projectRoot = "";
			targets = (
				981EB727209AF0B100626B6A /* Acua */,
				981EB73B209AF0B200626B6A /* AcuaTests */,
				981EB746209AF0B200626B6A /* AcuaUITests */,
				98232D4220B46E6E00101E02 /* OneSignalNotificationServiceExtension */,
			);
		};
/* End PBXProject section */

/* Begin PBXResourcesBuildPhase section */
		981EB726209AF0B100626B6A /* Resources */ = {
			isa = PBXResourcesBuildPhase;
			buildActionMask = 2147483647;
			files = (
				981EB736209AF0B100626B6A /* LaunchScreen.storyboard in Resources */,
				98EBC55F20B2B7F300F00472 /* BottomAlert.xib in Resources */,
				981EB75A209AF84100626B6A /* GoogleService-Info.plist in Resources */,
				98ED67D320B1724300A24CC4 /* acua_agreements.html in Resources */,
				981EB733209AF0B100626B6A /* Assets.xcassets in Resources */,
				98ED67F620B1D49500A24CC4 /* WWCalendarTimeSelector.storyboard in Resources */,
				981EB731209AF0B100626B6A /* Main.storyboard in Resources */,
			);
			runOnlyForDeploymentPostprocessing = 0;
		};
		981EB73A209AF0B200626B6A /* Resources */ = {
			isa = PBXResourcesBuildPhase;
			buildActionMask = 2147483647;
			files = (
			);
			runOnlyForDeploymentPostprocessing = 0;
		};
		981EB745209AF0B200626B6A /* Resources */ = {
			isa = PBXResourcesBuildPhase;
			buildActionMask = 2147483647;
			files = (
			);
			runOnlyForDeploymentPostprocessing = 0;
		};
		98232D4120B46E6E00101E02 /* Resources */ = {
			isa = PBXResourcesBuildPhase;
			buildActionMask = 2147483647;
			files = (
			);
			runOnlyForDeploymentPostprocessing = 0;
		};
/* End PBXResourcesBuildPhase section */

/* Begin PBXShellScriptBuildPhase section */
		069CFCB501633984EFC4E247 /* [CP] Embed Pods Frameworks */ = {
			isa = PBXShellScriptBuildPhase;
			buildActionMask = 2147483647;
			files = (
			);
			inputPaths = (
			);
			name = "[CP] Embed Pods Frameworks";
			outputPaths = (
			);
			runOnlyForDeploymentPostprocessing = 0;
			shellPath = /bin/sh;
			shellScript = "\"${SRCROOT}/Pods/Target Support Files/Pods-AcuaTests/Pods-AcuaTests-frameworks.sh\"\n";
			showEnvVarsInLog = 0;
		};
		08627FD855927F8F66B8F87F /* [CP] Check Pods Manifest.lock */ = {
			isa = PBXShellScriptBuildPhase;
			buildActionMask = 2147483647;
			files = (
			);
			inputPaths = (
				"${PODS_PODFILE_DIR_PATH}/Podfile.lock",
				"${PODS_ROOT}/Manifest.lock",
			);
			name = "[CP] Check Pods Manifest.lock";
			outputPaths = (
				"$(DERIVED_FILE_DIR)/Pods-Acua-OneSignalNotificationServiceExtension-checkManifestLockResult.txt",
			);
			runOnlyForDeploymentPostprocessing = 0;
			shellPath = /bin/sh;
			shellScript = "diff \"${PODS_PODFILE_DIR_PATH}/Podfile.lock\" \"${PODS_ROOT}/Manifest.lock\" > /dev/null\nif [ $? != 0 ] ; then\n    # print error to STDERR\n    echo \"error: The sandbox is not in sync with the Podfile.lock. Run 'pod install' or update your CocoaPods installation.\" >&2\n    exit 1\nfi\n# This output is used by Xcode 'outputs' to avoid re-running this script phase.\necho \"SUCCESS\" > \"${SCRIPT_OUTPUT_FILE_0}\"\n";
			showEnvVarsInLog = 0;
		};
		0B819CB57F3DFEB11924958B /* [CP] Check Pods Manifest.lock */ = {
			isa = PBXShellScriptBuildPhase;
			buildActionMask = 2147483647;
			files = (
			);
			inputPaths = (
				"${PODS_PODFILE_DIR_PATH}/Podfile.lock",
				"${PODS_ROOT}/Manifest.lock",
			);
			name = "[CP] Check Pods Manifest.lock";
			outputPaths = (
				"$(DERIVED_FILE_DIR)/Pods-AcuaUITests-checkManifestLockResult.txt",
			);
			runOnlyForDeploymentPostprocessing = 0;
			shellPath = /bin/sh;
			shellScript = "diff \"${PODS_PODFILE_DIR_PATH}/Podfile.lock\" \"${PODS_ROOT}/Manifest.lock\" > /dev/null\nif [ $? != 0 ] ; then\n    # print error to STDERR\n    echo \"error: The sandbox is not in sync with the Podfile.lock. Run 'pod install' or update your CocoaPods installation.\" >&2\n    exit 1\nfi\n# This output is used by Xcode 'outputs' to avoid re-running this script phase.\necho \"SUCCESS\" > \"${SCRIPT_OUTPUT_FILE_0}\"\n";
			showEnvVarsInLog = 0;
		};
		3824DBAD03E71CEF792CACEE /* [CP] Copy Pods Resources */ = {
			isa = PBXShellScriptBuildPhase;
			buildActionMask = 2147483647;
			files = (
			);
			inputPaths = (
			);
			name = "[CP] Copy Pods Resources";
			outputPaths = (
			);
			runOnlyForDeploymentPostprocessing = 0;
			shellPath = /bin/sh;
			shellScript = "\"${SRCROOT}/Pods/Target Support Files/Pods-AcuaUITests/Pods-AcuaUITests-resources.sh\"\n";
			showEnvVarsInLog = 0;
		};
		5F7D48B51E0E48E7A90F36F8 /* [CP] Check Pods Manifest.lock */ = {
			isa = PBXShellScriptBuildPhase;
			buildActionMask = 2147483647;
			files = (
			);
			inputPaths = (
				"${PODS_PODFILE_DIR_PATH}/Podfile.lock",
				"${PODS_ROOT}/Manifest.lock",
			);
			name = "[CP] Check Pods Manifest.lock";
			outputPaths = (
				"$(DERIVED_FILE_DIR)/Pods-AcuaTests-checkManifestLockResult.txt",
			);
			runOnlyForDeploymentPostprocessing = 0;
			shellPath = /bin/sh;
			shellScript = "diff \"${PODS_PODFILE_DIR_PATH}/Podfile.lock\" \"${PODS_ROOT}/Manifest.lock\" > /dev/null\nif [ $? != 0 ] ; then\n    # print error to STDERR\n    echo \"error: The sandbox is not in sync with the Podfile.lock. Run 'pod install' or update your CocoaPods installation.\" >&2\n    exit 1\nfi\n# This output is used by Xcode 'outputs' to avoid re-running this script phase.\necho \"SUCCESS\" > \"${SCRIPT_OUTPUT_FILE_0}\"\n";
			showEnvVarsInLog = 0;
		};
		931B4497ABF06F8731C273EE /* [CP] Copy Pods Resources */ = {
			isa = PBXShellScriptBuildPhase;
			buildActionMask = 2147483647;
			files = (
			);
			inputPaths = (
				"${SRCROOT}/Pods/Target Support Files/Pods-Acua/Pods-Acua-resources.sh",
				"${PODS_ROOT}/GoogleMaps/Maps/Frameworks/GoogleMaps.framework/Resources/GoogleMaps.bundle",
				"${PODS_ROOT}/GooglePlacePicker/Frameworks/GooglePlacePicker.framework/Resources/GooglePlacePicker.bundle",
				"${PODS_ROOT}/GooglePlaces/Frameworks/GooglePlaces.framework/Resources/GooglePlaces.bundle",
			);
			name = "[CP] Copy Pods Resources";
			outputPaths = (
				"${TARGET_BUILD_DIR}/${UNLOCALIZED_RESOURCES_FOLDER_PATH}",
			);
			runOnlyForDeploymentPostprocessing = 0;
			shellPath = /bin/sh;
			shellScript = "\"${SRCROOT}/Pods/Target Support Files/Pods-Acua/Pods-Acua-resources.sh\"\n";
			showEnvVarsInLog = 0;
		};
		9E4CF4456DBEEEF2F2325333 /* [CP] Embed Pods Frameworks */ = {
			isa = PBXShellScriptBuildPhase;
			buildActionMask = 2147483647;
			files = (
			);
			inputPaths = (
				"${SRCROOT}/Pods/Target Support Files/Pods-Acua/Pods-Acua-frameworks.sh",
				"${BUILT_PRODUCTS_DIR}/CTKFlagPhoneNumber/CTKFlagPhoneNumber.framework",
				"${BUILT_PRODUCTS_DIR}/DropDown/DropDown.framework",
				"${BUILT_PRODUCTS_DIR}/GTMSessionFetcher/GTMSessionFetcher.framework",
				"${BUILT_PRODUCTS_DIR}/GoogleToolboxForMac/GoogleToolboxForMac.framework",
				"${BUILT_PRODUCTS_DIR}/KWVerificationCodeView/KWVerificationCodeView.framework",
				"${BUILT_PRODUCTS_DIR}/MarqueeLabel/MarqueeLabel.framework",
				"${BUILT_PRODUCTS_DIR}/Material/Material.framework",
				"${BUILT_PRODUCTS_DIR}/Motion/Motion.framework",
				"${BUILT_PRODUCTS_DIR}/NotificationBannerSwift/NotificationBannerSwift.framework",
				"${BUILT_PRODUCTS_DIR}/Parchment/Parchment.framework",
				"${BUILT_PRODUCTS_DIR}/Protobuf/Protobuf.framework",
				"${BUILT_PRODUCTS_DIR}/SVProgressHUD/SVProgressHUD.framework",
				"${BUILT_PRODUCTS_DIR}/SideMenu/SideMenu.framework",
				"${BUILT_PRODUCTS_DIR}/SnapKit/SnapKit.framework",
				"${BUILT_PRODUCTS_DIR}/Toaster/Toaster.framework",
				"${BUILT_PRODUCTS_DIR}/leveldb-library/leveldb.framework",
				"${BUILT_PRODUCTS_DIR}/libPhoneNumber-iOS/libPhoneNumber_iOS.framework",
				"${BUILT_PRODUCTS_DIR}/nanopb/nanopb.framework",
			);
			name = "[CP] Embed Pods Frameworks";
			outputPaths = (
				"${TARGET_BUILD_DIR}/${FRAMEWORKS_FOLDER_PATH}/CTKFlagPhoneNumber.framework",
				"${TARGET_BUILD_DIR}/${FRAMEWORKS_FOLDER_PATH}/DropDown.framework",
				"${TARGET_BUILD_DIR}/${FRAMEWORKS_FOLDER_PATH}/GTMSessionFetcher.framework",
				"${TARGET_BUILD_DIR}/${FRAMEWORKS_FOLDER_PATH}/GoogleToolboxForMac.framework",
				"${TARGET_BUILD_DIR}/${FRAMEWORKS_FOLDER_PATH}/KWVerificationCodeView.framework",
				"${TARGET_BUILD_DIR}/${FRAMEWORKS_FOLDER_PATH}/MarqueeLabel.framework",
				"${TARGET_BUILD_DIR}/${FRAMEWORKS_FOLDER_PATH}/Material.framework",
				"${TARGET_BUILD_DIR}/${FRAMEWORKS_FOLDER_PATH}/Motion.framework",
				"${TARGET_BUILD_DIR}/${FRAMEWORKS_FOLDER_PATH}/NotificationBannerSwift.framework",
				"${TARGET_BUILD_DIR}/${FRAMEWORKS_FOLDER_PATH}/Parchment.framework",
				"${TARGET_BUILD_DIR}/${FRAMEWORKS_FOLDER_PATH}/Protobuf.framework",
				"${TARGET_BUILD_DIR}/${FRAMEWORKS_FOLDER_PATH}/SVProgressHUD.framework",
				"${TARGET_BUILD_DIR}/${FRAMEWORKS_FOLDER_PATH}/SideMenu.framework",
				"${TARGET_BUILD_DIR}/${FRAMEWORKS_FOLDER_PATH}/SnapKit.framework",
				"${TARGET_BUILD_DIR}/${FRAMEWORKS_FOLDER_PATH}/Toaster.framework",
				"${TARGET_BUILD_DIR}/${FRAMEWORKS_FOLDER_PATH}/leveldb.framework",
				"${TARGET_BUILD_DIR}/${FRAMEWORKS_FOLDER_PATH}/libPhoneNumber_iOS.framework",
				"${TARGET_BUILD_DIR}/${FRAMEWORKS_FOLDER_PATH}/nanopb.framework",
			);
			runOnlyForDeploymentPostprocessing = 0;
			shellPath = /bin/sh;
			shellScript = "\"${SRCROOT}/Pods/Target Support Files/Pods-Acua/Pods-Acua-frameworks.sh\"\n";
			showEnvVarsInLog = 0;
		};
		CC4BD5BF20D8733A6022AF26 /* [CP] Check Pods Manifest.lock */ = {
			isa = PBXShellScriptBuildPhase;
			buildActionMask = 2147483647;
			files = (
			);
			inputPaths = (
				"${PODS_PODFILE_DIR_PATH}/Podfile.lock",
				"${PODS_ROOT}/Manifest.lock",
			);
			name = "[CP] Check Pods Manifest.lock";
			outputPaths = (
				"$(DERIVED_FILE_DIR)/Pods-Acua-checkManifestLockResult.txt",
			);
			runOnlyForDeploymentPostprocessing = 0;
			shellPath = /bin/sh;
			shellScript = "diff \"${PODS_PODFILE_DIR_PATH}/Podfile.lock\" \"${PODS_ROOT}/Manifest.lock\" > /dev/null\nif [ $? != 0 ] ; then\n    # print error to STDERR\n    echo \"error: The sandbox is not in sync with the Podfile.lock. Run 'pod install' or update your CocoaPods installation.\" >&2\n    exit 1\nfi\n# This output is used by Xcode 'outputs' to avoid re-running this script phase.\necho \"SUCCESS\" > \"${SCRIPT_OUTPUT_FILE_0}\"\n";
			showEnvVarsInLog = 0;
		};
		DE67A5F1566327A0FC15B1D6 /* [CP] Copy Pods Resources */ = {
			isa = PBXShellScriptBuildPhase;
			buildActionMask = 2147483647;
			files = (
			);
			inputPaths = (
				"${SRCROOT}/Pods/Target Support Files/Pods-Acua-OneSignalNotificationServiceExtension/Pods-Acua-OneSignalNotificationServiceExtension-resources.sh",
				"${PODS_ROOT}/GoogleMaps/Maps/Frameworks/GoogleMaps.framework/Resources/GoogleMaps.bundle",
				"${PODS_ROOT}/GooglePlacePicker/Frameworks/GooglePlacePicker.framework/Resources/GooglePlacePicker.bundle",
				"${PODS_ROOT}/GooglePlaces/Frameworks/GooglePlaces.framework/Resources/GooglePlaces.bundle",
			);
			name = "[CP] Copy Pods Resources";
			outputPaths = (
				"${TARGET_BUILD_DIR}/${UNLOCALIZED_RESOURCES_FOLDER_PATH}",
			);
			runOnlyForDeploymentPostprocessing = 0;
			shellPath = /bin/sh;
			shellScript = "\"${SRCROOT}/Pods/Target Support Files/Pods-Acua-OneSignalNotificationServiceExtension/Pods-Acua-OneSignalNotificationServiceExtension-resources.sh\"\n";
			showEnvVarsInLog = 0;
		};
		F60C62525F44E671E178BDA0 /* [CP] Embed Pods Frameworks */ = {
			isa = PBXShellScriptBuildPhase;
			buildActionMask = 2147483647;
			files = (
			);
			inputPaths = (
			);
			name = "[CP] Embed Pods Frameworks";
			outputPaths = (
			);
			runOnlyForDeploymentPostprocessing = 0;
			shellPath = /bin/sh;
			shellScript = "\"${SRCROOT}/Pods/Target Support Files/Pods-AcuaUITests/Pods-AcuaUITests-frameworks.sh\"\n";
			showEnvVarsInLog = 0;
		};
		F76204EBB8E51BC2221F4A25 /* [CP] Copy Pods Resources */ = {
			isa = PBXShellScriptBuildPhase;
			buildActionMask = 2147483647;
			files = (
			);
			inputPaths = (
			);
			name = "[CP] Copy Pods Resources";
			outputPaths = (
			);
			runOnlyForDeploymentPostprocessing = 0;
			shellPath = /bin/sh;
			shellScript = "\"${SRCROOT}/Pods/Target Support Files/Pods-AcuaTests/Pods-AcuaTests-resources.sh\"\n";
			showEnvVarsInLog = 0;
		};
/* End PBXShellScriptBuildPhase section */

/* Begin PBXSourcesBuildPhase section */
		981EB724209AF0B100626B6A /* Sources */ = {
			isa = PBXSourcesBuildPhase;
			buildActionMask = 2147483647;
			files = (
				98EBC55D20B2B7D300F00472 /* BottomAlert.swift in Sources */,
				98F0B56420BB006A00E7F1CA /* StatisticsVC.swift in Sources */,
				98232D3220B449B300101E02 /* SideMenuVC.swift in Sources */,
				98ED67F520B1D49500A24CC4 /* String+Timepiece.swift in Sources */,
				98EF9E5A209B109800F7A859 /* BookingVC.swift in Sources */,
				98D97A0920AAD85500556842 /* Util.swift in Sources */,
				98155BDD209D654B00F53CB7 /* AppManager.swift in Sources */,
				98EF9E60209B3D3900F7A859 /* AuthTermsVC.swift in Sources */,
				98700B4F20A9EB780085D1B1 /* Car.swift in Sources */,
				98EF9E62209B4F3C00F7A859 /* AuthProfileVC.swift in Sources */,
				98232D3E20B45BBC00101E02 /* SideAgreementsVC.swift in Sources */,
				9800A82720AD73D200962AE8 /* Order.swift in Sources */,
				98EEEEAB20A8807E00193EEE /* DatabaseRef.swift in Sources */,
				98EF9E5E209B3CDE00F7A859 /* AuthPhoneVC.swift in Sources */,
				98232D2620B4131E00101E02 /* DefaultNotificationCenter.swift in Sources */,
				98ED67D520B1A56400A24CC4 /* AppConst.swift in Sources */,
				98ED67F020B1D49500A24CC4 /* Duration.swift in Sources */,
				9800A82520AD6BD800962AE8 /* User.swift in Sources */,
				98232D3820B45B6700101E02 /* SidePaymentVC.swift in Sources */,
				981EB72E209AF0B100626B6A /* MainVC.swift in Sources */,
				98232D3620B45B5300101E02 /* SideNotificationsVC.swift in Sources */,
				98F0B56220BABB7500E7F1CA /* News.swift in Sources */,
				98EF9E58209B0FDA00F7A859 /* UIView+constraints.swift in Sources */,
				9800A82920AD747900962AE8 /* Location.swift in Sources */,
				98ED67F420B1D49500A24CC4 /* NSDateComponents+Timepiece.swift in Sources */,
				98ED67F320B1D49500A24CC4 /* NSDate+Timepiece.swift in Sources */,
				98EF9E5C209B10B500F7A859 /* AppointmentVC.swift in Sources */,
				98ED67F120B1D49500A24CC4 /* Int+Timepiece.swift in Sources */,
				98232D3C20B45B9700101E02 /* SideWhereVC.swift in Sources */,
				98EEEEA920A8725500193EEE /* ISRadioButton.swift in Sources */,
				981945EB20BA988C00C0411C /* ImageLoader.swift in Sources */,
				98ED67F220B1D49500A24CC4 /* NSCalendar+Timepiece.swift in Sources */,
				980F08F320AB2377008B4135 /* Device.swift in Sources */,
				98700B5320A9EBBD0085D1B1 /* Menu.swift in Sources */,
				981EB72C209AF0B100626B6A /* AppDelegate.swift in Sources */,
				98232D3A20B45B7C00101E02 /* SideFeedback.swift in Sources */,
				98700B5120A9EB960085D1B1 /* Wash.swift in Sources */,
				98232D3420B45B1D00101E02 /* SideProfileVC.swift in Sources */,
				98155BD3209D630600F53CB7 /* TOActionSheet.m in Sources */,
				98ED67F720B1D49500A24CC4 /* WWCalendarTimeSelector.swift in Sources */,
			);
			runOnlyForDeploymentPostprocessing = 0;
		};
		981EB738209AF0B200626B6A /* Sources */ = {
			isa = PBXSourcesBuildPhase;
			buildActionMask = 2147483647;
			files = (
				981EB741209AF0B200626B6A /* AcuaTests.swift in Sources */,
			);
			runOnlyForDeploymentPostprocessing = 0;
		};
		981EB743209AF0B200626B6A /* Sources */ = {
			isa = PBXSourcesBuildPhase;
			buildActionMask = 2147483647;
			files = (
				981EB74C209AF0B200626B6A /* AcuaUITests.swift in Sources */,
			);
			runOnlyForDeploymentPostprocessing = 0;
		};
		98232D3F20B46E6E00101E02 /* Sources */ = {
			isa = PBXSourcesBuildPhase;
			buildActionMask = 2147483647;
			files = (
				98232D4620B46E6E00101E02 /* NotificationService.swift in Sources */,
			);
			runOnlyForDeploymentPostprocessing = 0;
		};
/* End PBXSourcesBuildPhase section */

/* Begin PBXTargetDependency section */
		981EB73E209AF0B200626B6A /* PBXTargetDependency */ = {
			isa = PBXTargetDependency;
			target = 981EB727209AF0B100626B6A /* Acua */;
			targetProxy = 981EB73D209AF0B200626B6A /* PBXContainerItemProxy */;
		};
		981EB749209AF0B200626B6A /* PBXTargetDependency */ = {
			isa = PBXTargetDependency;
			target = 981EB727209AF0B100626B6A /* Acua */;
			targetProxy = 981EB748209AF0B200626B6A /* PBXContainerItemProxy */;
		};
		98232D4920B46E6E00101E02 /* PBXTargetDependency */ = {
			isa = PBXTargetDependency;
			target = 98232D4220B46E6E00101E02 /* OneSignalNotificationServiceExtension */;
			targetProxy = 98232D4820B46E6E00101E02 /* PBXContainerItemProxy */;
		};
/* End PBXTargetDependency section */

/* Begin PBXVariantGroup section */
		981EB72F209AF0B100626B6A /* Main.storyboard */ = {
			isa = PBXVariantGroup;
			children = (
				981EB730209AF0B100626B6A /* Base */,
			);
			name = Main.storyboard;
			sourceTree = "<group>";
		};
		981EB734209AF0B100626B6A /* LaunchScreen.storyboard */ = {
			isa = PBXVariantGroup;
			children = (
				981EB735209AF0B100626B6A /* Base */,
			);
			name = LaunchScreen.storyboard;
			sourceTree = "<group>";
		};
/* End PBXVariantGroup section */

/* Begin XCBuildConfiguration section */
		981EB74E209AF0B200626B6A /* Debug */ = {
			isa = XCBuildConfiguration;
			buildSettings = {
				ALWAYS_SEARCH_USER_PATHS = NO;
				CLANG_ANALYZER_NONNULL = YES;
				CLANG_ANALYZER_NUMBER_OBJECT_CONVERSION = YES_AGGRESSIVE;
				CLANG_CXX_LANGUAGE_STANDARD = "gnu++14";
				CLANG_CXX_LIBRARY = "libc++";
				CLANG_ENABLE_MODULES = YES;
				CLANG_ENABLE_OBJC_ARC = YES;
				CLANG_WARN_BLOCK_CAPTURE_AUTORELEASING = YES;
				CLANG_WARN_BOOL_CONVERSION = YES;
				CLANG_WARN_COMMA = YES;
				CLANG_WARN_CONSTANT_CONVERSION = YES;
				CLANG_WARN_DIRECT_OBJC_ISA_USAGE = YES_ERROR;
				CLANG_WARN_DOCUMENTATION_COMMENTS = YES;
				CLANG_WARN_EMPTY_BODY = YES;
				CLANG_WARN_ENUM_CONVERSION = YES;
				CLANG_WARN_INFINITE_RECURSION = YES;
				CLANG_WARN_INT_CONVERSION = YES;
				CLANG_WARN_NON_LITERAL_NULL_CONVERSION = YES;
				CLANG_WARN_OBJC_LITERAL_CONVERSION = YES;
				CLANG_WARN_OBJC_ROOT_CLASS = YES_ERROR;
				CLANG_WARN_RANGE_LOOP_ANALYSIS = YES;
				CLANG_WARN_STRICT_PROTOTYPES = YES;
				CLANG_WARN_SUSPICIOUS_MOVE = YES;
				CLANG_WARN_UNGUARDED_AVAILABILITY = YES_AGGRESSIVE;
				CLANG_WARN_UNREACHABLE_CODE = YES;
				CLANG_WARN__DUPLICATE_METHOD_MATCH = YES;
				CODE_SIGN_IDENTITY = "iPhone Developer";
				COPY_PHASE_STRIP = NO;
				DEBUG_INFORMATION_FORMAT = dwarf;
				ENABLE_STRICT_OBJC_MSGSEND = YES;
				ENABLE_TESTABILITY = YES;
				GCC_C_LANGUAGE_STANDARD = gnu11;
				GCC_DYNAMIC_NO_PIC = NO;
				GCC_NO_COMMON_BLOCKS = YES;
				GCC_OPTIMIZATION_LEVEL = 0;
				GCC_PREPROCESSOR_DEFINITIONS = (
					"DEBUG=1",
					"$(inherited)",
				);
				GCC_WARN_64_TO_32_BIT_CONVERSION = YES;
				GCC_WARN_ABOUT_RETURN_TYPE = YES_ERROR;
				GCC_WARN_UNDECLARED_SELECTOR = YES;
				GCC_WARN_UNINITIALIZED_AUTOS = YES_AGGRESSIVE;
				GCC_WARN_UNUSED_FUNCTION = YES;
				GCC_WARN_UNUSED_VARIABLE = YES;
				IPHONEOS_DEPLOYMENT_TARGET = 9.0;
				MTL_ENABLE_DEBUG_INFO = YES;
				ONLY_ACTIVE_ARCH = YES;
				SDKROOT = iphoneos;
				SWIFT_ACTIVE_COMPILATION_CONDITIONS = DEBUG;
				SWIFT_OPTIMIZATION_LEVEL = "-Onone";
			};
			name = Debug;
		};
		981EB74F209AF0B200626B6A /* Release */ = {
			isa = XCBuildConfiguration;
			buildSettings = {
				ALWAYS_SEARCH_USER_PATHS = NO;
				CLANG_ANALYZER_NONNULL = YES;
				CLANG_ANALYZER_NUMBER_OBJECT_CONVERSION = YES_AGGRESSIVE;
				CLANG_CXX_LANGUAGE_STANDARD = "gnu++14";
				CLANG_CXX_LIBRARY = "libc++";
				CLANG_ENABLE_MODULES = YES;
				CLANG_ENABLE_OBJC_ARC = YES;
				CLANG_WARN_BLOCK_CAPTURE_AUTORELEASING = YES;
				CLANG_WARN_BOOL_CONVERSION = YES;
				CLANG_WARN_COMMA = YES;
				CLANG_WARN_CONSTANT_CONVERSION = YES;
				CLANG_WARN_DIRECT_OBJC_ISA_USAGE = YES_ERROR;
				CLANG_WARN_DOCUMENTATION_COMMENTS = YES;
				CLANG_WARN_EMPTY_BODY = YES;
				CLANG_WARN_ENUM_CONVERSION = YES;
				CLANG_WARN_INFINITE_RECURSION = YES;
				CLANG_WARN_INT_CONVERSION = YES;
				CLANG_WARN_NON_LITERAL_NULL_CONVERSION = YES;
				CLANG_WARN_OBJC_LITERAL_CONVERSION = YES;
				CLANG_WARN_OBJC_ROOT_CLASS = YES_ERROR;
				CLANG_WARN_RANGE_LOOP_ANALYSIS = YES;
				CLANG_WARN_STRICT_PROTOTYPES = YES;
				CLANG_WARN_SUSPICIOUS_MOVE = YES;
				CLANG_WARN_UNGUARDED_AVAILABILITY = YES_AGGRESSIVE;
				CLANG_WARN_UNREACHABLE_CODE = YES;
				CLANG_WARN__DUPLICATE_METHOD_MATCH = YES;
				CODE_SIGN_IDENTITY = "iPhone Developer";
				COPY_PHASE_STRIP = NO;
				DEBUG_INFORMATION_FORMAT = "dwarf-with-dsym";
				ENABLE_NS_ASSERTIONS = NO;
				ENABLE_STRICT_OBJC_MSGSEND = YES;
				GCC_C_LANGUAGE_STANDARD = gnu11;
				GCC_NO_COMMON_BLOCKS = YES;
				GCC_WARN_64_TO_32_BIT_CONVERSION = YES;
				GCC_WARN_ABOUT_RETURN_TYPE = YES_ERROR;
				GCC_WARN_UNDECLARED_SELECTOR = YES;
				GCC_WARN_UNINITIALIZED_AUTOS = YES_AGGRESSIVE;
				GCC_WARN_UNUSED_FUNCTION = YES;
				GCC_WARN_UNUSED_VARIABLE = YES;
				IPHONEOS_DEPLOYMENT_TARGET = 9.0;
				MTL_ENABLE_DEBUG_INFO = NO;
				SDKROOT = iphoneos;
				SWIFT_OPTIMIZATION_LEVEL = "-Owholemodule";
				VALIDATE_PRODUCT = YES;
			};
			name = Release;
		};
		981EB751209AF0B200626B6A /* Debug */ = {
			isa = XCBuildConfiguration;
			baseConfigurationReference = 21B89FFA7F8756EBCC6F1EE5 /* Pods-Acua.debug.xcconfig */;
			buildSettings = {
				ALWAYS_EMBED_SWIFT_STANDARD_LIBRARIES = YES;
				APPLICATION_EXTENSION_API_ONLY = NO;
				ASSETCATALOG_COMPILER_APPICON_NAME = AppIcon;
				CODE_SIGN_ENTITLEMENTS = Acua/Acua.entitlements;
				"CODE_SIGN_IDENTITY[sdk=iphoneos*]" = "iPhone Developer";
				CODE_SIGN_STYLE = Automatic;
				DEVELOPMENT_TEAM = AY25YAMZ3Y;
				FRAMEWORK_SEARCH_PATHS = (
					"$(inherited)",
					"$(PROJECT_DIR)/Acua/frameworks",
				);
				INFOPLIST_FILE = Acua/Info.plist;
				IPHONEOS_DEPLOYMENT_TARGET = 9.0;
				LD_RUNPATH_SEARCH_PATHS = "$(inherited) @executable_path/Frameworks";
				PRODUCT_BUNDLE_IDENTIFIER = com.acua.app;
				PRODUCT_NAME = "$(TARGET_NAME)";
				PROVISIONING_PROFILE_SPECIFIER = "";
				SWIFT_OBJC_BRIDGING_HEADER = "Acua/Acua-Bridging-Header.h";
				SWIFT_VERSION = 4.0;
				TARGETED_DEVICE_FAMILY = 1;
			};
			name = Debug;
		};
		981EB752209AF0B200626B6A /* Release */ = {
			isa = XCBuildConfiguration;
			baseConfigurationReference = E42E25C9D58B33E78EA3C61B /* Pods-Acua.release.xcconfig */;
			buildSettings = {
				ALWAYS_EMBED_SWIFT_STANDARD_LIBRARIES = YES;
				APPLICATION_EXTENSION_API_ONLY = NO;
				ASSETCATALOG_COMPILER_APPICON_NAME = AppIcon;
				CODE_SIGN_ENTITLEMENTS = Acua/Acua.entitlements;
				"CODE_SIGN_IDENTITY[sdk=iphoneos*]" = "iPhone Developer";
				CODE_SIGN_STYLE = Automatic;
				DEVELOPMENT_TEAM = AY25YAMZ3Y;
				FRAMEWORK_SEARCH_PATHS = (
					"$(inherited)",
					"$(PROJECT_DIR)/Acua/frameworks",
				);
				INFOPLIST_FILE = Acua/Info.plist;
				IPHONEOS_DEPLOYMENT_TARGET = 9.0;
				LD_RUNPATH_SEARCH_PATHS = "$(inherited) @executable_path/Frameworks";
				PRODUCT_BUNDLE_IDENTIFIER = com.acua.app;
				PRODUCT_NAME = "$(TARGET_NAME)";
				PROVISIONING_PROFILE_SPECIFIER = "";
				SWIFT_OBJC_BRIDGING_HEADER = "Acua/Acua-Bridging-Header.h";
				SWIFT_VERSION = 4.0;
				TARGETED_DEVICE_FAMILY = 1;
			};
			name = Release;
		};
		981EB754209AF0B200626B6A /* Debug */ = {
			isa = XCBuildConfiguration;
			baseConfigurationReference = 9174A8A2499253E231BA59C8 /* Pods-AcuaTests.debug.xcconfig */;
			buildSettings = {
				ALWAYS_EMBED_SWIFT_STANDARD_LIBRARIES = YES;
				BUNDLE_LOADER = "$(TEST_HOST)";
				CODE_SIGN_STYLE = Automatic;
				INFOPLIST_FILE = AcuaTests/Info.plist;
				LD_RUNPATH_SEARCH_PATHS = "$(inherited) @executable_path/Frameworks @loader_path/Frameworks";
				PRODUCT_BUNDLE_IDENTIFIER = com.acua.app.AcuaTests;
				PRODUCT_NAME = "$(TARGET_NAME)";
				SWIFT_VERSION = 4.0;
				TARGETED_DEVICE_FAMILY = "1,2";
				TEST_HOST = "$(BUILT_PRODUCTS_DIR)/Acua.app/Acua";
			};
			name = Debug;
		};
		981EB755209AF0B200626B6A /* Release */ = {
			isa = XCBuildConfiguration;
			baseConfigurationReference = E2DDE78596EC164DD83EBDE5 /* Pods-AcuaTests.release.xcconfig */;
			buildSettings = {
				ALWAYS_EMBED_SWIFT_STANDARD_LIBRARIES = YES;
				BUNDLE_LOADER = "$(TEST_HOST)";
				CODE_SIGN_STYLE = Automatic;
				INFOPLIST_FILE = AcuaTests/Info.plist;
				LD_RUNPATH_SEARCH_PATHS = "$(inherited) @executable_path/Frameworks @loader_path/Frameworks";
				PRODUCT_BUNDLE_IDENTIFIER = com.acua.app.AcuaTests;
				PRODUCT_NAME = "$(TARGET_NAME)";
				SWIFT_VERSION = 4.0;
				TARGETED_DEVICE_FAMILY = "1,2";
				TEST_HOST = "$(BUILT_PRODUCTS_DIR)/Acua.app/Acua";
			};
			name = Release;
		};
		981EB757209AF0B200626B6A /* Debug */ = {
			isa = XCBuildConfiguration;
			baseConfigurationReference = 467661B0C6E2FBB46BAF3A71 /* Pods-AcuaUITests.debug.xcconfig */;
			buildSettings = {
				ALWAYS_EMBED_SWIFT_STANDARD_LIBRARIES = YES;
				CODE_SIGN_STYLE = Automatic;
				INFOPLIST_FILE = AcuaUITests/Info.plist;
				LD_RUNPATH_SEARCH_PATHS = "$(inherited) @executable_path/Frameworks @loader_path/Frameworks";
				PRODUCT_BUNDLE_IDENTIFIER = com.acua.app.AcuaUITests;
				PRODUCT_NAME = "$(TARGET_NAME)";
				SWIFT_VERSION = 4.0;
				TARGETED_DEVICE_FAMILY = "1,2";
				TEST_TARGET_NAME = Acua;
			};
			name = Debug;
		};
		981EB758209AF0B200626B6A /* Release */ = {
			isa = XCBuildConfiguration;
			baseConfigurationReference = 1AD65657C95BA0DCC52F35E9 /* Pods-AcuaUITests.release.xcconfig */;
			buildSettings = {
				ALWAYS_EMBED_SWIFT_STANDARD_LIBRARIES = YES;
				CODE_SIGN_STYLE = Automatic;
				INFOPLIST_FILE = AcuaUITests/Info.plist;
				LD_RUNPATH_SEARCH_PATHS = "$(inherited) @executable_path/Frameworks @loader_path/Frameworks";
				PRODUCT_BUNDLE_IDENTIFIER = com.acua.app.AcuaUITests;
				PRODUCT_NAME = "$(TARGET_NAME)";
				SWIFT_VERSION = 4.0;
				TARGETED_DEVICE_FAMILY = "1,2";
				TEST_TARGET_NAME = Acua;
			};
			name = Release;
		};
		98232D4C20B46E6E00101E02 /* Debug */ = {
			isa = XCBuildConfiguration;
			baseConfigurationReference = CBEB3AA17B31A033FD85EB68 /* Pods-Acua-OneSignalNotificationServiceExtension.debug.xcconfig */;
			buildSettings = {
				CODE_SIGN_STYLE = Automatic;
				DEVELOPMENT_TEAM = AY25YAMZ3Y;
				INFOPLIST_FILE = OneSignalNotificationServiceExtension/Info.plist;
				IPHONEOS_DEPLOYMENT_TARGET = 11.1;
				LD_RUNPATH_SEARCH_PATHS = "$(inherited) @executable_path/Frameworks @executable_path/../../Frameworks";
				PRODUCT_BUNDLE_IDENTIFIER = com.acua.app.OneSignalNotificationServiceExtension;
				PRODUCT_NAME = "$(TARGET_NAME)";
				SKIP_INSTALL = YES;
				SWIFT_VERSION = 4.0;
				TARGETED_DEVICE_FAMILY = "1,2";
			};
			name = Debug;
		};
		98232D4D20B46E6E00101E02 /* Release */ = {
			isa = XCBuildConfiguration;
			baseConfigurationReference = F574EA0CDD18DE04B629CA48 /* Pods-Acua-OneSignalNotificationServiceExtension.release.xcconfig */;
			buildSettings = {
				CODE_SIGN_STYLE = Automatic;
				DEVELOPMENT_TEAM = AY25YAMZ3Y;
				INFOPLIST_FILE = OneSignalNotificationServiceExtension/Info.plist;
				IPHONEOS_DEPLOYMENT_TARGET = 11.1;
				LD_RUNPATH_SEARCH_PATHS = "$(inherited) @executable_path/Frameworks @executable_path/../../Frameworks";
				PRODUCT_BUNDLE_IDENTIFIER = com.acua.app.OneSignalNotificationServiceExtension;
				PRODUCT_NAME = "$(TARGET_NAME)";
				SKIP_INSTALL = YES;
				SWIFT_VERSION = 4.0;
				TARGETED_DEVICE_FAMILY = "1,2";
			};
			name = Release;
		};
/* End XCBuildConfiguration section */

/* Begin XCConfigurationList section */
		981EB723209AF0B100626B6A /* Build configuration list for PBXProject "Acua" */ = {
			isa = XCConfigurationList;
			buildConfigurations = (
				981EB74E209AF0B200626B6A /* Debug */,
				981EB74F209AF0B200626B6A /* Release */,
			);
			defaultConfigurationIsVisible = 0;
			defaultConfigurationName = Release;
		};
		981EB750209AF0B200626B6A /* Build configuration list for PBXNativeTarget "Acua" */ = {
			isa = XCConfigurationList;
			buildConfigurations = (
				981EB751209AF0B200626B6A /* Debug */,
				981EB752209AF0B200626B6A /* Release */,
			);
			defaultConfigurationIsVisible = 0;
			defaultConfigurationName = Release;
		};
		981EB753209AF0B200626B6A /* Build configuration list for PBXNativeTarget "AcuaTests" */ = {
			isa = XCConfigurationList;
			buildConfigurations = (
				981EB754209AF0B200626B6A /* Debug */,
				981EB755209AF0B200626B6A /* Release */,
			);
			defaultConfigurationIsVisible = 0;
			defaultConfigurationName = Release;
		};
		981EB756209AF0B200626B6A /* Build configuration list for PBXNativeTarget "AcuaUITests" */ = {
			isa = XCConfigurationList;
			buildConfigurations = (
				981EB757209AF0B200626B6A /* Debug */,
				981EB758209AF0B200626B6A /* Release */,
			);
			defaultConfigurationIsVisible = 0;
			defaultConfigurationName = Release;
		};
		98232D4B20B46E6E00101E02 /* Build configuration list for PBXNativeTarget "OneSignalNotificationServiceExtension" */ = {
			isa = XCConfigurationList;
			buildConfigurations = (
				98232D4C20B46E6E00101E02 /* Debug */,
				98232D4D20B46E6E00101E02 /* Release */,
			);
			defaultConfigurationIsVisible = 0;
			defaultConfigurationName = Release;
		};
/* End XCConfigurationList section */
	};
	rootObject = 981EB720209AF0B100626B6A /* Project object */;
}
